
Microsoft Visual Studio Solution File, Format Version 12.00
# Visual Studio Version 16
VisualStudioVersion = 16.0.30517.126
MinimumVisualStudioVersion = 10.0.40219.1
Project("{2150E333-8FDC-42A3-9474-1A3956D46DE8}") = "Aula01", "Aula01", "{534E2DBB-3B50-4395-8912-FEFC3EB5A967}"
EndProject
Project("{8BC9CEB8-8B4A-11D0-8D11-00A0C91BC942}") = "Exercicio01", "Exercicio01\Exercicio01.vcxproj", "{293A6E2B-9683-441A-BDD4-247356DFF22A}"
EndProject
Project("{2150E333-8FDC-42A3-9474-1A3956D46DE8}") = "Aula02", "Aula02", "{55074F5F-A2E0-4832-B36D-08F78151F51A}"
EndProject
Project("{8BC9CEB8-8B4A-11D0-8D11-00A0C91BC942}") = "Exercicio01", "Aula02\Exercicio01\Exercicio01.vcxproj", "{4A2018CC-4151-4D25-8EDD-E4C2E23F8C29}"
EndProject
Project("{8BC9CEB8-8B4A-11D0-8D11-00A0C91BC942}") = "Exercicio12", "Aula02\Exercicio12\Exercicio12.vcxproj", "{DA8FF304-B4BC-4254-8D9D-D255939E61C8}"
EndProject
Project("{8BC9CEB8-8B4A-11D0-8D11-00A0C91BC942}") = "Exercicio11", "Aula02\Exercicio11\Exercicio11.vcxproj", "{545C2B54-FBD5-4DC0-A0DE-11BF8591AC2D}"
EndProject
Project("{8BC9CEB8-8B4A-11D0-8D11-00A0C91BC942}") = "Exercicio09", "Exercicio09\Exercicio09.vcxproj", "{F8D6BF98-B35F-48F8-A9C5-60CB9B4BCC7B}"
EndProject
Project("{8BC9CEB8-8B4A-11D0-8D11-00A0C91BC942}") = "Exercicio05", "Exercicio05\Exercicio05.vcxproj", "{E9B14ECF-5523-464C-A730-7905E0B883C3}"
EndProject
Project("{8BC9CEB8-8B4A-11D0-8D11-00A0C91BC942}") = "Exercicio04", "Exercicio04\Exercicio04.vcxproj", "{FBC695E1-9F37-489F-ADB5-D53E8B99F4CF}"
EndProject
Project("{8BC9CEB8-8B4A-11D0-8D11-00A0C91BC942}") = "Exercicio02", "Exercicio02\Exercicio02.vcxproj", "{C792F2A1-1493-4CE5-8C68-D081BE797AA6}"
EndProject
Project("{8BC9CEB8-8B4A-11D0-8D11-00A0C91BC942}") = "Exercicio06", "Exercicio06\Exercicio06.vcxproj", "{08B32AEC-C8C8-4254-8DB7-A5CC591E7032}"
EndProject
Project("{8BC9CEB8-8B4A-11D0-8D11-00A0C91BC942}") = "Exercicio07", "Exercicio07\Exercicio07.vcxproj", "{5B5AC0B7-F691-4B03-8FD5-7FB4930895E5}"
EndProject
Project("{8BC9CEB8-8B4A-11D0-8D11-00A0C91BC942}") = "Exercicio03", "Exercicio03\Exercicio03.vcxproj", "{A2037E2A-1F1F-4A14-9688-672B64E5FFBF}"
EndProject
Project("{8BC9CEB8-8B4A-11D0-8D11-00A0C91BC942}") = "Exercicio10", "Exercicio10\Exercicio10.vcxproj", "{81B4F8E2-DBB6-429D-B045-8A3E668CBC96}"
EndProject
Global
	GlobalSection(SolutionConfigurationPlatforms) = preSolution
		Debug|x64 = Debug|x64
		Debug|x86 = Debug|x86
		Release|x64 = Release|x64
		Release|x86 = Release|x86
	EndGlobalSection
	GlobalSection(ProjectConfigurationPlatforms) = postSolution
		{293A6E2B-9683-441A-BDD4-247356DFF22A}.Debug|x64.ActiveCfg = Debug|x64
		{293A6E2B-9683-441A-BDD4-247356DFF22A}.Debug|x64.Build.0 = Debug|x64
		{293A6E2B-9683-441A-BDD4-247356DFF22A}.Debug|x86.ActiveCfg = Debug|Win32
		{293A6E2B-9683-441A-BDD4-247356DFF22A}.Debug|x86.Build.0 = Debug|Win32
		{293A6E2B-9683-441A-BDD4-247356DFF22A}.Release|x64.ActiveCfg = Release|x64
		{293A6E2B-9683-441A-BDD4-247356DFF22A}.Release|x64.Build.0 = Release|x64
		{293A6E2B-9683-441A-BDD4-247356DFF22A}.Release|x86.ActiveCfg = Release|Win32
		{293A6E2B-9683-441A-BDD4-247356DFF22A}.Release|x86.Build.0 = Release|Win32
		{4A2018CC-4151-4D25-8EDD-E4C2E23F8C29}.Debug|x64.ActiveCfg = Debug|x64
		{4A2018CC-4151-4D25-8EDD-E4C2E23F8C29}.Debug|x64.Build.0 = Debug|x64
		{4A2018CC-4151-4D25-8EDD-E4C2E23F8C29}.Debug|x86.ActiveCfg = Debug|Win32
		{4A2018CC-4151-4D25-8EDD-E4C2E23F8C29}.Debug|x86.Build.0 = Debug|Win32
		{4A2018CC-4151-4D25-8EDD-E4C2E23F8C29}.Release|x64.ActiveCfg = Release|x64
		{4A2018CC-4151-4D25-8EDD-E4C2E23F8C29}.Release|x64.Build.0 = Release|x64
		{4A2018CC-4151-4D25-8EDD-E4C2E23F8C29}.Release|x86.ActiveCfg = Release|Win32
		{4A2018CC-4151-4D25-8EDD-E4C2E23F8C29}.Release|x86.Build.0 = Release|Win32
		{DA8FF304-B4BC-4254-8D9D-D255939E61C8}.Debug|x64.ActiveCfg = Debug|x64
		{DA8FF304-B4BC-4254-8D9D-D255939E61C8}.Debug|x64.Build.0 = Debug|x64
		{DA8FF304-B4BC-4254-8D9D-D255939E61C8}.Debug|x86.ActiveCfg = Debug|Win32
		{DA8FF304-B4BC-4254-8D9D-D255939E61C8}.Debug|x86.Build.0 = Debug|Win32
		{DA8FF304-B4BC-4254-8D9D-D255939E61C8}.Release|x64.ActiveCfg = Release|x64
		{DA8FF304-B4BC-4254-8D9D-D255939E61C8}.Release|x64.Build.0 = Release|x64
		{DA8FF304-B4BC-4254-8D9D-D255939E61C8}.Release|x86.ActiveCfg = Release|Win32
		{DA8FF304-B4BC-4254-8D9D-D255939E61C8}.Release|x86.Build.0 = Release|Win32
		{545C2B54-FBD5-4DC0-A0DE-11BF8591AC2D}.Debug|x64.ActiveCfg = Debug|x64
		{545C2B54-FBD5-4DC0-A0DE-11BF8591AC2D}.Debug|x64.Build.0 = Debug|x64
		{545C2B54-FBD5-4DC0-A0DE-11BF8591AC2D}.Debug|x86.ActiveCfg = Debug|Win32
		{545C2B54-FBD5-4DC0-A0DE-11BF8591AC2D}.Debug|x86.Build.0 = Debug|Win32
		{545C2B54-FBD5-4DC0-A0DE-11BF8591AC2D}.Release|x64.ActiveCfg = Release|x64
		{545C2B54-FBD5-4DC0-A0DE-11BF8591AC2D}.Release|x64.Build.0 = Release|x64
		{545C2B54-FBD5-4DC0-A0DE-11BF8591AC2D}.Release|x86.ActiveCfg = Release|Win32
		{545C2B54-FBD5-4DC0-A0DE-11BF8591AC2D}.Release|x86.Build.0 = Release|Win32
		{F8D6BF98-B35F-48F8-A9C5-60CB9B4BCC7B}.Debug|x64.ActiveCfg = Debug|x64
		{F8D6BF98-B35F-48F8-A9C5-60CB9B4BCC7B}.Debug|x64.Build.0 = Debug|x64
		{F8D6BF98-B35F-48F8-A9C5-60CB9B4BCC7B}.Debug|x86.ActiveCfg = Debug|Win32
		{F8D6BF98-B35F-48F8-A9C5-60CB9B4BCC7B}.Debug|x86.Build.0 = Debug|Win32
		{F8D6BF98-B35F-48F8-A9C5-60CB9B4BCC7B}.Release|x64.ActiveCfg = Release|x64
		{F8D6BF98-B35F-48F8-A9C5-60CB9B4BCC7B}.Release|x64.Build.0 = Release|x64
		{F8D6BF98-B35F-48F8-A9C5-60CB9B4BCC7B}.Release|x86.ActiveCfg = Release|Win32
		{F8D6BF98-B35F-48F8-A9C5-60CB9B4BCC7B}.Release|x86.Build.0 = Release|Win32
		{E9B14ECF-5523-464C-A730-7905E0B883C3}.Debug|x64.ActiveCfg = Debug|x64
		{E9B14ECF-5523-464C-A730-7905E0B883C3}.Debug|x64.Build.0 = Debug|x64
		{E9B14ECF-5523-464C-A730-7905E0B883C3}.Debug|x86.ActiveCfg = Debug|Win32
		{E9B14ECF-5523-464C-A730-7905E0B883C3}.Debug|x86.Build.0 = Debug|Win32
		{E9B14ECF-5523-464C-A730-7905E0B883C3}.Release|x64.ActiveCfg = Release|x64
		{E9B14ECF-5523-464C-A730-7905E0B883C3}.Release|x64.Build.0 = Release|x64
		{E9B14ECF-5523-464C-A730-7905E0B883C3}.Release|x86.ActiveCfg = Release|Win32
		{E9B14ECF-5523-464C-A730-7905E0B883C3}.Release|x86.Build.0 = Release|Win32
		{FBC695E1-9F37-489F-ADB5-D53E8B99F4CF}.Debug|x64.ActiveCfg = Debug|x64
		{FBC695E1-9F37-489F-ADB5-D53E8B99F4CF}.Debug|x64.Build.0 = Debug|x64
		{FBC695E1-9F37-489F-ADB5-D53E8B99F4CF}.Debug|x86.ActiveCfg = Debug|Win32
		{FBC695E1-9F37-489F-ADB5-D53E8B99F4CF}.Debug|x86.Build.0 = Debug|Win32
		{FBC695E1-9F37-489F-ADB5-D53E8B99F4CF}.Release|x64.ActiveCfg = Release|x64
		{FBC695E1-9F37-489F-ADB5-D53E8B99F4CF}.Release|x64.Build.0 = Release|x64
		{FBC695E1-9F37-489F-ADB5-D53E8B99F4CF}.Release|x86.ActiveCfg = Release|Win32
		{FBC695E1-9F37-489F-ADB5-D53E8B99F4CF}.Release|x86.Build.0 = Release|Win32
		{C792F2A1-1493-4CE5-8C68-D081BE797AA6}.Debug|x64.ActiveCfg = Debug|x64
		{C792F2A1-1493-4CE5-8C68-D081BE797AA6}.Debug|x64.Build.0 = Debug|x64
		{C792F2A1-1493-4CE5-8C68-D081BE797AA6}.Debug|x86.ActiveCfg = Debug|Win32
		{C792F2A1-1493-4CE5-8C68-D081BE797AA6}.Debug|x86.Build.0 = Debug|Win32
		{C792F2A1-1493-4CE5-8C68-D081BE797AA6}.Release|x64.ActiveCfg = Release|x64
		{C792F2A1-1493-4CE5-8C68-D081BE797AA6}.Release|x64.Build.0 = Release|x64
		{C792F2A1-1493-4CE5-8C68-D081BE797AA6}.Release|x86.ActiveCfg = Release|Win32
		{C792F2A1-1493-4CE5-8C68-D081BE797AA6}.Release|x86.Build.0 = Release|Win32
		{08B32AEC-C8C8-4254-8DB7-A5CC591E7032}.Debug|x64.ActiveCfg = Debug|x64
		{08B32AEC-C8C8-4254-8DB7-A5CC591E7032}.Debug|x64.Build.0 = Debug|x64
		{08B32AEC-C8C8-4254-8DB7-A5CC591E7032}.Debug|x86.ActiveCfg = Debug|Win32
		{08B32AEC-C8C8-4254-8DB7-A5CC591E7032}.Debug|x86.Build.0 = Debug|Win32
		{08B32AEC-C8C8-4254-8DB7-A5CC591E7032}.Release|x64.ActiveCfg = Release|x64
		{08B32AEC-C8C8-4254-8DB7-A5CC591E7032}.Release|x64.Build.0 = Release|x64
		{08B32AEC-C8C8-4254-8DB7-A5CC591E7032}.Release|x86.ActiveCfg = Release|Win32
		{08B32AEC-C8C8-4254-8DB7-A5CC591E7032}.Release|x86.Build.0 = Release|Win32
		{5B5AC0B7-F691-4B03-8FD5-7FB4930895E5}.Debug|x64.ActiveCfg = Debug|x64
		{5B5AC0B7-F691-4B03-8FD5-7FB4930895E5}.Debug|x64.Build.0 = Debug|x64
		{5B5AC0B7-F691-4B03-8FD5-7FB4930895E5}.Debug|x86.ActiveCfg = Debug|Win32
		{5B5AC0B7-F691-4B03-8FD5-7FB4930895E5}.Debug|x86.Build.0 = Debug|Win32
		{5B5AC0B7-F691-4B03-8FD5-7FB4930895E5}.Release|x64.ActiveCfg = Release|x64
		{5B5AC0B7-F691-4B03-8FD5-7FB4930895E5}.Release|x64.Build.0 = Release|x64
		{5B5AC0B7-F691-4B03-8FD5-7FB4930895E5}.Release|x86.ActiveCfg = Release|Win32
		{5B5AC0B7-F691-4B03-8FD5-7FB4930895E5}.Release|x86.Build.0 = Release|Win32
		{A2037E2A-1F1F-4A14-9688-672B64E5FFBF}.Debug|x64.ActiveCfg = Debug|x64
		{A2037E2A-1F1F-4A14-9688-672B64E5FFBF}.Debug|x64.Build.0 = Debug|x64
		{A2037E2A-1F1F-4A14-9688-672B64E5FFBF}.Debug|x86.ActiveCfg = Debug|Win32
		{A2037E2A-1F1F-4A14-9688-672B64E5FFBF}.Debug|x86.Build.0 = Debug|Win32
		{A2037E2A-1F1F-4A14-9688-672B64E5FFBF}.Release|x64.ActiveCfg = Release|x64
		{A2037E2A-1F1F-4A14-9688-672B64E5FFBF}.Release|x64.Build.0 = Release|x64
		{A2037E2A-1F1F-4A14-9688-672B64E5FFBF}.Release|x86.ActiveCfg = Release|Win32
		{A2037E2A-1F1F-4A14-9688-672B64E5FFBF}.Release|x86.Build.0 = Release|Win32
		{81B4F8E2-DBB6-429D-B045-8A3E668CBC96}.Debug|x64.ActiveCfg = Debug|x64
		{81B4F8E2-DBB6-429D-B045-8A3E668CBC96}.Debug|x64.Build.0 = Debug|x64
		{81B4F8E2-DBB6-429D-B045-8A3E668CBC96}.Debug|x86.ActiveCfg = Debug|Win32
		{81B4F8E2-DBB6-429D-B045-8A3E668CBC96}.Debug|x86.Build.0 = Debug|Win32
		{81B4F8E2-DBB6-429D-B045-8A3E668CBC96}.Release|x64.ActiveCfg = Release|x64
		{81B4F8E2-DBB6-429D-B045-8A3E668CBC96}.Release|x64.Build.0 = Release|x64
		{81B4F8E2-DBB6-429D-B045-8A3E668CBC96}.Release|x86.ActiveCfg = Release|Win32
		{81B4F8E2-DBB6-429D-B045-8A3E668CBC96}.Release|x86.Build.0 = Release|Win32
	EndGlobalSection
	GlobalSection(SolutionProperties) = preSolution
		HideSolutionNode = FALSE
	EndGlobalSection
	GlobalSection(NestedProjects) = preSolution
		{293A6E2B-9683-441A-BDD4-247356DFF22A} = {534E2DBB-3B50-4395-8912-FEFC3EB5A967}
		{4A2018CC-4151-4D25-8EDD-E4C2E23F8C29} = {55074F5F-A2E0-4832-B36D-08F78151F51A}
		{DA8FF304-B4BC-4254-8D9D-D255939E61C8} = {55074F5F-A2E0-4832-B36D-08F78151F51A}
		{545C2B54-FBD5-4DC0-A0DE-11BF8591AC2D} = {55074F5F-A2E0-4832-B36D-08F78151F51A}
		{F8D6BF98-B35F-48F8-A9C5-60CB9B4BCC7B} = {55074F5F-A2E0-4832-B36D-08F78151F51A}
		{E9B14ECF-5523-464C-A730-7905E0B883C3} = {55074F5F-A2E0-4832-B36D-08F78151F51A}
		{FBC695E1-9F37-489F-ADB5-D53E8B99F4CF} = {55074F5F-A2E0-4832-B36D-08F78151F51A}
		{C792F2A1-1493-4CE5-8C68-D081BE797AA6} = {55074F5F-A2E0-4832-B36D-08F78151F51A}
		{08B32AEC-C8C8-4254-8DB7-A5CC591E7032} = {55074F5F-A2E0-4832-B36D-08F78151F51A}
		{5B5AC0B7-F691-4B03-8FD5-7FB4930895E5} = {55074F5F-A2E0-4832-B36D-08F78151F51A}
		{A2037E2A-1F1F-4A14-9688-672B64E5FFBF} = {55074F5F-A2E0-4832-B36D-08F78151F51A}
		{81B4F8E2-DBB6-429D-B045-8A3E668CBC96} = {55074F5F-A2E0-4832-B36D-08F78151F51A}
	EndGlobalSection
	GlobalSection(ExtensibilityGlobals) = postSolution
		SolutionGuid = {82058892-DC8C-45DF-8236-8E14C9FFDA0A}
	EndGlobalSection
EndGlobal
